PODS:
  - FlutterMacOS (1.0.0)
  - taglib_ffi (0.0.1):
    - FlutterMacOS

DEPENDENCIES:
  - FlutterMacOS (from `Flutter/ephemeral`)
  - taglib_ffi (from `Flutter/ephemeral/.symlinks/plugins/taglib_ffi/macos`)

EXTERNAL SOURCES:
  FlutterMacOS:
    :path: Flutter/ephemeral
  taglib_ffi:
    :path: Flutter/ephemeral/.symlinks/plugins/taglib_ffi/macos

SPEC CHECKSUMS:
  FlutterMacOS: 8f6f14fa908a6fb3fba0cd85dbd81ec4b251fb24
  taglib_ffi: 038c207a740bb898846d81a191f06f9554da9980

PODFILE CHECKSUM: 353c8bcc5d5b0994e508d035b5431cfe18c1dea7

COCOAPODS: 1.12.0
